
Microsoft Visual Studio Solution File, Format Version 12.00
# Visual Studio Version 16
VisualStudioVersion = 16.0.29201.188
MinimumVisualStudioVersion = 10.0.40219.1
Project("{FAE04EC0-301F-11D3-BF4B-00C04F79EFBC}") = "UnitTestProject7", "UnitTestProject7\UnitTestProject7.csproj", "{6BA0E350-A365-4E17-9C6C-B6D4679B7E62}"
EndProject
Global
	GlobalSection(SolutionConfigurationPlatforms) = preSolution
		Debug|Any CPU = Debug|Any CPU
		Release|Any CPU = Release|Any CPU
	EndGlobalSection
	GlobalSection(ProjectConfigurationPlatforms) = postSolution
		{6BA0E350-A365-4E17-9C6C-B6D4679B7E62}.Debug|Any CPU.ActiveCfg = Debug|Any CPU
		{6BA0E350-A365-4E17-9C6C-B6D4679B7E62}.Debug|Any CPU.Build.0 = Debug|Any CPU
		{6BA0E350-A365-4E17-9C6C-B6D4679B7E62}.Release|Any CPU.ActiveCfg = Release|Any CPU
		{6BA0E350-A365-4E17-9C6C-B6D4679B7E62}.Release|Any CPU.Build.0 = Release|Any CPU
	EndGlobalSection
	GlobalSection(SolutionProperties) = preSolution
		HideSolutionNode = FALSE
	EndGlobalSection
	GlobalSection(ExtensibilityGlobals) = postSolution
		SolutionGuid = {C1432A43-6330-4DF8-8CF0-B823F85E4286}
	EndGlobalSection
EndGlobal
